
Microsoft Visual Studio Solution File, Format Version 12.00
# Visual Studio 15
VisualStudioVersion = 15.0.28010.2046
MinimumVisualStudioVersion = 10.0.40219.1
Project("{FAE04EC0-301F-11D3-BF4B-00C04F79EFBC}") = "Class Wars V2", "Class Wars V2\Class Wars V2.csproj", "{809A2DC4-81F3-4F76-B22B-F6ABB1F39347}"
EndProject
Global
	GlobalSection(SolutionConfigurationPlatforms) = preSolution
		Debug|Any CPU = Debug|Any CPU
		Release|Any CPU = Release|Any CPU
	EndGlobalSection
	GlobalSection(ProjectConfigurationPlatforms) = postSolution
		{809A2DC4-81F3-4F76-B22B-F6ABB1F39347}.Debug|Any CPU.ActiveCfg = Debug|Any CPU
		{809A2DC4-81F3-4F76-B22B-F6ABB1F39347}.Debug|Any CPU.Build.0 = Debug|Any CPU
		{809A2DC4-81F3-4F76-B22B-F6ABB1F39347}.Release|Any CPU.ActiveCfg = Release|Any CPU
		{809A2DC4-81F3-4F76-B22B-F6ABB1F39347}.Release|Any CPU.Build.0 = Release|Any CPU
	EndGlobalSection
	GlobalSection(SolutionProperties) = preSolution
		HideSolutionNode = FALSE
	EndGlobalSection
	GlobalSection(ExtensibilityGlobals) = postSolution
		SolutionGuid = {287BC8D1-55F5-4A9D-A114-850B01FDB0A1}
	EndGlobalSection
EndGlobal
